<?xml version="1.0" encoding="utf-8"?>
<Project ToolsVersion="4.0" xmlns="http://schemas.microsoft.com/developer/msbuild/2003">
  <ItemGroup>
    <Filter Include="Source Files">
      <UniqueIdentifier>{4FC737F1-C7A5-4376-A066-2A32D752A2FF}</UniqueIdentifier>
      <Extensions>cpp;c;cc;cxx;def;odl;idl;hpj;bat;asm;asmx</Extensions>
    </Filter>
    <Filter Include="Header Files">
      <UniqueIdentifier>{93995380-89BD-4b04-88EB-625FBE52EBFB}</UniqueIdentifier>
      <Extensions>h;hh;hpp;hxx;hm;inl;inc;xsd</Extensions>
    </Filter>
    <Filter Include="Resource Files">
      <UniqueIdentifier>{67DA6AB6-F800-4c08-8B7A-83BB121AAD01}</UniqueIdentifier>
      <Extensions>rc;ico;cur;bmp;dlg;rc2;rct;bin;rgs;gif;jpg;jpeg;jpe;resx;tiff;tif;png;wav</Extensions>
    </Filter>
  </ItemGroup>
  <ItemGroup>
    <ClCompile Include="Cell2Fire.cpp">
      <Filter>Source Files</Filter>
    </ClCompile>
    <ClCompile Include="Ellipse.cpp">
      <Filter>Source Files</Filter>
    </ClCompile>
    <ClCompile Include="Forest.cpp">
      <Filter>Source Files</Filter>
    </ClCompile>
    <ClCompile Include="FuelModelKitral.cpp">
      <Filter>Source Files</Filter>
    </ClCompile>
    <ClCompile Include="FuelModelSpain.cpp">
      <Filter>Source Files</Filter>
    </ClCompile>
    <ClCompile Include="Lightning.cpp">
      <Filter>Source Files</Filter>
    </ClCompile>
    <ClCompile Include="ReadArgs.cpp">
      <Filter>Source Files</Filter>
    </ClCompile>
    <ClCompile Include="ReadCSV.cpp">
      <Filter>Source Files</Filter>
    </ClCompile>
    <ClCompile Include="WriteCSV.cpp">
      <Filter>Source Files</Filter>
    </ClCompile>
    <ClCompile Include="FuelModelFBP.cpp">
      <Filter>Source Files</Filter>
    </ClCompile>
    <ClCompile Include="Cells.cpp">
      <Filter>Source Files</Filter>
    </ClCompile>
    <ClCompile Include="Spotting.cpp">
      <Filter>Source Files</Filter>
    </ClCompile>
    <ClCompile Include="DataGenerator.cpp">
      <Filter>Source Files</Filter>
    </ClCompile>
  </ItemGroup>
  <ItemGroup>
    <ClInclude Include="Cell2Fire.h">
      <Filter>Header Files</Filter>
    </ClInclude>
    <ClInclude Include="Ellipse.h">
      <Filter>Header Files</Filter>
    </ClInclude>
    <ClInclude Include="Forest.h">
      <Filter>Header Files</Filter>
    </ClInclude>
    <ClInclude Include="FuelModelKitral.h">
      <Filter>Header Files</Filter>
    </ClInclude>
    <ClInclude Include="FuelModelSpain.h">
      <Filter>Header Files</Filter>
    </ClInclude>
    <ClInclude Include="Lightning.h">
      <Filter>Header Files</Filter>
    </ClInclude>
    <ClInclude Include="ReadArgs.h">
      <Filter>Header Files</Filter>
    </ClInclude>
    <ClInclude Include="ReadCSV.h">
      <Filter>Header Files</Filter>
    </ClInclude>
    <ClInclude Include="WriteCSV.h">
      <Filter>Header Files</Filter>
    </ClInclude>
    <ClInclude Include="FuelModelFBP.h">
      <Filter>Header Files</Filter>
    </ClInclude>
    <ClInclude Include="Cells.h">
      <Filter>Header Files</Filter>
    </ClInclude>
    <ClInclude Include="Spotting.h">
      <Filter>Header Files</Filter>
    </ClInclude>
    <ClInclude Include="DataGenerator.h">
      <Filter>Header Files</Filter>
    </ClInclude>
  </ItemGroup>
</Project>